
Microsoft Visual Studio Solution File, Format Version 12.00
# Visual Studio 15
VisualStudioVersion = 15.0.27428.2015
MinimumVisualStudioVersion = 10.0.40219.1
Project("{FAE04EC0-301F-11D3-BF4B-00C04F79EFBC}") = "NTRightsNet", "NTRightsNet.csproj", "{4293A994-2448-49A4-8BE7-463B05BEE623}"
EndProject
Global
	GlobalSection(SolutionConfigurationPlatforms) = preSolution
		Debug|Any CPU = Debug|Any CPU
		Release|Any CPU = Release|Any CPU
	EndGlobalSection
	GlobalSection(ProjectConfigurationPlatforms) = postSolution
		{4293A994-2448-49A4-8BE7-463B05BEE623}.Debug|Any CPU.ActiveCfg = Debug|Any CPU
		{4293A994-2448-49A4-8BE7-463B05BEE623}.Debug|Any CPU.Build.0 = Debug|Any CPU
		{4293A994-2448-49A4-8BE7-463B05BEE623}.Release|Any CPU.ActiveCfg = Release|Any CPU
		{4293A994-2448-49A4-8BE7-463B05BEE623}.Release|Any CPU.Build.0 = Release|Any CPU
	EndGlobalSection
	GlobalSection(SolutionProperties) = preSolution
		HideSolutionNode = FALSE
	EndGlobalSection
	GlobalSection(ExtensibilityGlobals) = postSolution
		SolutionGuid = {239B79F4-02ED-4354-A952-900ED1C4EA79}
	EndGlobalSection
EndGlobal
